
Microsoft Visual Studio Solution File, Format Version 12.00
# Visual Studio 15
VisualStudioVersion = 15.0.26621.2
MinimumVisualStudioVersion = 10.0.40219.1
Project("{FAE04EC0-301F-11D3-BF4B-00C04F79EFBC}") = "SwitchStatementsForNoobies", "SwitchStatementsForNoobies\SwitchStatementsForNoobies.csproj", "{B93A61E9-3873-4D5C-8407-04E9C5ABEEE3}"
EndProject
Global
	GlobalSection(SolutionConfigurationPlatforms) = preSolution
		Debug|Any CPU = Debug|Any CPU
		Release|Any CPU = Release|Any CPU
	EndGlobalSection
	GlobalSection(ProjectConfigurationPlatforms) = postSolution
		{B93A61E9-3873-4D5C-8407-04E9C5ABEEE3}.Debug|Any CPU.ActiveCfg = Debug|Any CPU
		{B93A61E9-3873-4D5C-8407-04E9C5ABEEE3}.Debug|Any CPU.Build.0 = Debug|Any CPU
		{B93A61E9-3873-4D5C-8407-04E9C5ABEEE3}.Release|Any CPU.ActiveCfg = Release|Any CPU
		{B93A61E9-3873-4D5C-8407-04E9C5ABEEE3}.Release|Any CPU.Build.0 = Release|Any CPU
	EndGlobalSection
	GlobalSection(SolutionProperties) = preSolution
		HideSolutionNode = FALSE
	EndGlobalSection
	GlobalSection(ExtensibilityGlobals) = postSolution
		SolutionGuid = {5838C43F-43ED-4D9E-AA34-5605D978D17F}
	EndGlobalSection
EndGlobal
